# This file is automatically @generated by Cargo.
# It is not intended for manual editing.
version = 4

[[package]]
name = "commandline_tool"
version = "0.1.0"

[[package]]
name = "cproject_analy"
version = "0.1.0"

[[package]]
name = "db_services"
version = "0.1.0"

[[package]]
name = "file_scanner"
version = "0.1.0"

[[package]]
name = "llm_requester"
version = "0.1.0"

[[package]]
name = "lsp_services"
version = "0.1.0"

[[package]]
name = "prompt_builder"
version = "0.1.0"
